
Microsoft Visual Studio Solution File, Format Version 12.00
# Visual Studio Version 16
VisualStudioVersion = 16.0.31105.61
MinimumVisualStudioVersion = 10.0.40219.1
Project("{FAE04EC0-301F-11D3-BF4B-00C04F79EFBC}") = "SoGMAPI", "SoGMAPI\SoGMAPI.csproj", "{5200CAC6-A4C0-4742-9C61-403ED83DF98E}"
EndProject
Project("{9A19103F-16F7-4668-BE54-9A1E7A4F7556}") = "SoGMAPI.Toolkit", "SoGMAPI.Toolkit\SoGMAPI.Toolkit.csproj", "{001D8293-002F-47E3-A4C5-1C80AD5CDD05}"
EndProject
Project("{9A19103F-16F7-4668-BE54-9A1E7A4F7556}") = "SoGMAPI.Toolkit.CoreInterfaces", "SoGMAPI.Toolkit.CoreInterfaces\SoGMAPI.Toolkit.CoreInterfaces.csproj", "{7A84B34E-4AF8-4891-8384-07FD36BC34B2}"
EndProject
Project("{D954291E-2A0B-460D-934E-DC6B0785DB48}") = "SoGMAPI.Internal", "SoGMAPI.Internal\SoGMAPI.Internal.shproj", "{85208F8D-6FD1-4531-BE05-7142490F59FE}"
EndProject
Global
	GlobalSection(SharedMSBuildProjectFiles) = preSolution
		SoGMAPI.Internal\SoGMAPI.Internal.projitems*{5200cac6-a4c0-4742-9c61-403ed83df98e}*SharedItemsImports = 5
		SoGMAPI.Internal\SoGMAPI.Internal.projitems*{85208f8d-6fd1-4531-be05-7142490f59fe}*SharedItemsImports = 13
	EndGlobalSection
	GlobalSection(SolutionConfigurationPlatforms) = preSolution
		Debug|Any CPU = Debug|Any CPU
		Debug|x64 = Debug|x64
		Debug|x86 = Debug|x86
		Release|Any CPU = Release|Any CPU
		Release|x64 = Release|x64
		Release|x86 = Release|x86
	EndGlobalSection
	GlobalSection(ProjectConfigurationPlatforms) = postSolution
		{2AA3EBEA-F8B4-4BEF-BE95-63FBD7D52A93}.Debug|Any CPU.ActiveCfg = Debug|Any CPU
		{2AA3EBEA-F8B4-4BEF-BE95-63FBD7D52A93}.Debug|Any CPU.Build.0 = Debug|Any CPU
		{2AA3EBEA-F8B4-4BEF-BE95-63FBD7D52A93}.Debug|x64.ActiveCfg = Debug|Any CPU
		{2AA3EBEA-F8B4-4BEF-BE95-63FBD7D52A93}.Debug|x64.Build.0 = Debug|Any CPU
		{2AA3EBEA-F8B4-4BEF-BE95-63FBD7D52A93}.Debug|x86.ActiveCfg = Debug|x86
		{2AA3EBEA-F8B4-4BEF-BE95-63FBD7D52A93}.Debug|x86.Build.0 = Debug|x86
		{2AA3EBEA-F8B4-4BEF-BE95-63FBD7D52A93}.Release|Any CPU.ActiveCfg = Release|Any CPU
		{2AA3EBEA-F8B4-4BEF-BE95-63FBD7D52A93}.Release|Any CPU.Build.0 = Release|Any CPU
		{2AA3EBEA-F8B4-4BEF-BE95-63FBD7D52A93}.Release|x64.ActiveCfg = Release|Any CPU
		{2AA3EBEA-F8B4-4BEF-BE95-63FBD7D52A93}.Release|x64.Build.0 = Release|Any CPU
		{2AA3EBEA-F8B4-4BEF-BE95-63FBD7D52A93}.Release|x86.ActiveCfg = Release|Any CPU
		{2AA3EBEA-F8B4-4BEF-BE95-63FBD7D52A93}.Release|x86.Build.0 = Release|Any CPU
		{5200CAC6-A4C0-4742-9C61-403ED83DF98E}.Debug|Any CPU.ActiveCfg = Debug|Any CPU
		{5200CAC6-A4C0-4742-9C61-403ED83DF98E}.Debug|Any CPU.Build.0 = Debug|Any CPU
		{5200CAC6-A4C0-4742-9C61-403ED83DF98E}.Debug|x64.ActiveCfg = Debug|Any CPU
		{5200CAC6-A4C0-4742-9C61-403ED83DF98E}.Debug|x64.Build.0 = Debug|Any CPU
		{5200CAC6-A4C0-4742-9C61-403ED83DF98E}.Debug|x86.ActiveCfg = Debug|x86
		{5200CAC6-A4C0-4742-9C61-403ED83DF98E}.Debug|x86.Build.0 = Debug|x86
		{5200CAC6-A4C0-4742-9C61-403ED83DF98E}.Release|Any CPU.ActiveCfg = Release|Any CPU
		{5200CAC6-A4C0-4742-9C61-403ED83DF98E}.Release|Any CPU.Build.0 = Release|Any CPU
		{5200CAC6-A4C0-4742-9C61-403ED83DF98E}.Release|x64.ActiveCfg = Release|Any CPU
		{5200CAC6-A4C0-4742-9C61-403ED83DF98E}.Release|x64.Build.0 = Release|Any CPU
		{5200CAC6-A4C0-4742-9C61-403ED83DF98E}.Release|x86.ActiveCfg = Release|Any CPU
		{5200CAC6-A4C0-4742-9C61-403ED83DF98E}.Release|x86.Build.0 = Release|Any CPU
		{19BFE455-C2E6-4A45-B17B-DD5E02A9DE88}.Debug|Any CPU.ActiveCfg = Debug|Any CPU
		{19BFE455-C2E6-4A45-B17B-DD5E02A9DE88}.Debug|Any CPU.Build.0 = Debug|Any CPU
		{19BFE455-C2E6-4A45-B17B-DD5E02A9DE88}.Debug|x64.ActiveCfg = Debug|Any CPU
		{19BFE455-C2E6-4A45-B17B-DD5E02A9DE88}.Debug|x64.Build.0 = Debug|Any CPU
		{19BFE455-C2E6-4A45-B17B-DD5E02A9DE88}.Debug|x86.ActiveCfg = Debug|x86
		{19BFE455-C2E6-4A45-B17B-DD5E02A9DE88}.Debug|x86.Build.0 = Debug|x86
		{19BFE455-C2E6-4A45-B17B-DD5E02A9DE88}.Release|Any CPU.ActiveCfg = Release|Any CPU
		{19BFE455-C2E6-4A45-B17B-DD5E02A9DE88}.Release|Any CPU.Build.0 = Release|Any CPU
		{19BFE455-C2E6-4A45-B17B-DD5E02A9DE88}.Release|x64.ActiveCfg = Release|Any CPU
		{19BFE455-C2E6-4A45-B17B-DD5E02A9DE88}.Release|x64.Build.0 = Release|Any CPU
		{19BFE455-C2E6-4A45-B17B-DD5E02A9DE88}.Release|x86.ActiveCfg = Release|Any CPU
		{19BFE455-C2E6-4A45-B17B-DD5E02A9DE88}.Release|x86.Build.0 = Release|Any CPU
		{6709F746-3BEC-48A7-A45A-7E3C7B0B6C15}.Debug|Any CPU.ActiveCfg = Debug|Any CPU
		{6709F746-3BEC-48A7-A45A-7E3C7B0B6C15}.Debug|Any CPU.Build.0 = Debug|Any CPU
		{6709F746-3BEC-48A7-A45A-7E3C7B0B6C15}.Debug|x64.ActiveCfg = Debug|Any CPU
		{6709F746-3BEC-48A7-A45A-7E3C7B0B6C15}.Debug|x64.Build.0 = Debug|Any CPU
		{6709F746-3BEC-48A7-A45A-7E3C7B0B6C15}.Debug|x86.ActiveCfg = Debug|x86
		{6709F746-3BEC-48A7-A45A-7E3C7B0B6C15}.Debug|x86.Build.0 = Debug|x86
		{6709F746-3BEC-48A7-A45A-7E3C7B0B6C15}.Release|Any CPU.ActiveCfg = Release|Any CPU
		{6709F746-3BEC-48A7-A45A-7E3C7B0B6C15}.Release|Any CPU.Build.0 = Release|Any CPU
		{6709F746-3BEC-48A7-A45A-7E3C7B0B6C15}.Release|x64.ActiveCfg = Release|Any CPU
		{6709F746-3BEC-48A7-A45A-7E3C7B0B6C15}.Release|x64.Build.0 = Release|Any CPU
		{6709F746-3BEC-48A7-A45A-7E3C7B0B6C15}.Release|x86.ActiveCfg = Release|Any CPU
		{6709F746-3BEC-48A7-A45A-7E3C7B0B6C15}.Release|x86.Build.0 = Release|Any CPU
		{4A2C0DF4-BF93-4064-9ACD-10E9CF720C4E}.Debug|Any CPU.ActiveCfg = Debug|Any CPU
		{4A2C0DF4-BF93-4064-9ACD-10E9CF720C4E}.Debug|Any CPU.Build.0 = Debug|Any CPU
		{4A2C0DF4-BF93-4064-9ACD-10E9CF720C4E}.Debug|x64.ActiveCfg = Debug|Any CPU
		{4A2C0DF4-BF93-4064-9ACD-10E9CF720C4E}.Debug|x64.Build.0 = Debug|Any CPU
		{4A2C0DF4-BF93-4064-9ACD-10E9CF720C4E}.Debug|x86.ActiveCfg = Debug|Any CPU
		{4A2C0DF4-BF93-4064-9ACD-10E9CF720C4E}.Debug|x86.Build.0 = Debug|Any CPU
		{4A2C0DF4-BF93-4064-9ACD-10E9CF720C4E}.Release|Any CPU.ActiveCfg = Release|Any CPU
		{4A2C0DF4-BF93-4064-9ACD-10E9CF720C4E}.Release|Any CPU.Build.0 = Release|Any CPU
		{4A2C0DF4-BF93-4064-9ACD-10E9CF720C4E}.Release|x64.ActiveCfg = Release|Any CPU
		{4A2C0DF4-BF93-4064-9ACD-10E9CF720C4E}.Release|x64.Build.0 = Release|Any CPU
		{4A2C0DF4-BF93-4064-9ACD-10E9CF720C4E}.Release|x86.ActiveCfg = Release|Any CPU
		{4A2C0DF4-BF93-4064-9ACD-10E9CF720C4E}.Release|x86.Build.0 = Release|Any CPU
		{C117E1C7-6EAD-4052-BF88-B0EB0C65E4DE}.Debug|Any CPU.ActiveCfg = Debug|Any CPU
		{C117E1C7-6EAD-4052-BF88-B0EB0C65E4DE}.Debug|Any CPU.Build.0 = Debug|Any CPU
		{C117E1C7-6EAD-4052-BF88-B0EB0C65E4DE}.Debug|x64.ActiveCfg = Debug|Any CPU
		{C117E1C7-6EAD-4052-BF88-B0EB0C65E4DE}.Debug|x64.Build.0 = Debug|Any CPU
		{C117E1C7-6EAD-4052-BF88-B0EB0C65E4DE}.Debug|x86.ActiveCfg = Debug|Any CPU
		{C117E1C7-6EAD-4052-BF88-B0EB0C65E4DE}.Debug|x86.Build.0 = Debug|Any CPU
		{C117E1C7-6EAD-4052-BF88-B0EB0C65E4DE}.Release|Any CPU.ActiveCfg = Release|Any CPU
		{C117E1C7-6EAD-4052-BF88-B0EB0C65E4DE}.Release|Any CPU.Build.0 = Release|Any CPU
		{C117E1C7-6EAD-4052-BF88-B0EB0C65E4DE}.Release|x64.ActiveCfg = Release|Any CPU
		{C117E1C7-6EAD-4052-BF88-B0EB0C65E4DE}.Release|x64.Build.0 = Release|Any CPU
		{C117E1C7-6EAD-4052-BF88-B0EB0C65E4DE}.Release|x86.ActiveCfg = Release|Any CPU
		{C117E1C7-6EAD-4052-BF88-B0EB0C65E4DE}.Release|x86.Build.0 = Release|Any CPU
		{001D8293-002F-47E3-A4C5-1C80AD5CDD05}.Debug|Any CPU.ActiveCfg = Debug|Any CPU
		{001D8293-002F-47E3-A4C5-1C80AD5CDD05}.Debug|Any CPU.Build.0 = Debug|Any CPU
		{001D8293-002F-47E3-A4C5-1C80AD5CDD05}.Debug|x64.ActiveCfg = Debug|Any CPU
		{001D8293-002F-47E3-A4C5-1C80AD5CDD05}.Debug|x64.Build.0 = Debug|Any CPU
		{001D8293-002F-47E3-A4C5-1C80AD5CDD05}.Debug|x86.ActiveCfg = Debug|Any CPU
		{001D8293-002F-47E3-A4C5-1C80AD5CDD05}.Debug|x86.Build.0 = Debug|Any CPU
		{001D8293-002F-47E3-A4C5-1C80AD5CDD05}.Release|Any CPU.ActiveCfg = Release|Any CPU
		{001D8293-002F-47E3-A4C5-1C80AD5CDD05}.Release|Any CPU.Build.0 = Release|Any CPU
		{001D8293-002F-47E3-A4C5-1C80AD5CDD05}.Release|x64.ActiveCfg = Release|Any CPU
		{001D8293-002F-47E3-A4C5-1C80AD5CDD05}.Release|x64.Build.0 = Release|Any CPU
		{001D8293-002F-47E3-A4C5-1C80AD5CDD05}.Release|x86.ActiveCfg = Release|Any CPU
		{001D8293-002F-47E3-A4C5-1C80AD5CDD05}.Release|x86.Build.0 = Release|Any CPU
		{7A84B34E-4AF8-4891-8384-07FD36BC34B2}.Debug|Any CPU.ActiveCfg = Debug|Any CPU
		{7A84B34E-4AF8-4891-8384-07FD36BC34B2}.Debug|Any CPU.Build.0 = Debug|Any CPU
		{7A84B34E-4AF8-4891-8384-07FD36BC34B2}.Debug|x64.ActiveCfg = Debug|Any CPU
		{7A84B34E-4AF8-4891-8384-07FD36BC34B2}.Debug|x64.Build.0 = Debug|Any CPU
		{7A84B34E-4AF8-4891-8384-07FD36BC34B2}.Debug|x86.ActiveCfg = Debug|Any CPU
		{7A84B34E-4AF8-4891-8384-07FD36BC34B2}.Debug|x86.Build.0 = Debug|Any CPU
		{7A84B34E-4AF8-4891-8384-07FD36BC34B2}.Release|Any CPU.ActiveCfg = Release|Any CPU
		{7A84B34E-4AF8-4891-8384-07FD36BC34B2}.Release|Any CPU.Build.0 = Release|Any CPU
		{7A84B34E-4AF8-4891-8384-07FD36BC34B2}.Release|x64.ActiveCfg = Release|Any CPU
		{7A84B34E-4AF8-4891-8384-07FD36BC34B2}.Release|x64.Build.0 = Release|Any CPU
		{7A84B34E-4AF8-4891-8384-07FD36BC34B2}.Release|x86.ActiveCfg = Release|Any CPU
		{7A84B34E-4AF8-4891-8384-07FD36BC34B2}.Release|x86.Build.0 = Release|Any CPU
	EndGlobalSection
	GlobalSection(SolutionProperties) = preSolution
		HideSolutionNode = FALSE
	EndGlobalSection
	GlobalSection(NestedProjects) = preSolution
		{B72BC25B-90D0-44A7-A673-9FBE95271DC0} = {F40624B0-FF57-4C7B-8C49-BA6D9F389D2A}
		{19BFE455-C2E6-4A45-B17B-DD5E02A9DE88} = {B72BC25B-90D0-44A7-A673-9FBE95271DC0}
		{6709F746-3BEC-48A7-A45A-7E3C7B0B6C15} = {B72BC25B-90D0-44A7-A673-9FBE95271DC0}
	EndGlobalSection
	GlobalSection(ExtensibilityGlobals) = postSolution
		SolutionGuid = {D63792EF-4811-4889-9E8B-B05F7C638973}
	EndGlobalSection
EndGlobal
