
Microsoft Visual Studio Solution File, Format Version 12.00
# Visual Studio Version 16
VisualStudioVersion = 16.0.31105.61
MinimumVisualStudioVersion = 10.0.40219.1
Project("{9A19103F-16F7-4668-BE54-9A1E7A4F7556}") = "SoGMAPI", "SoGMAPI\SoGMAPI.csproj", "{5200CAC6-A4C0-4742-9C61-403ED83DF98E}"
EndProject
Project("{9A19103F-16F7-4668-BE54-9A1E7A4F7556}") = "SoGMAPI.Toolkit", "SoGMAPI.Toolkit\SoGMAPI.Toolkit.csproj", "{001D8293-002F-47E3-A4C5-1C80AD5CDD05}"
EndProject
Project("{9A19103F-16F7-4668-BE54-9A1E7A4F7556}") = "SoGMAPI.Toolkit.CoreInterfaces", "SoGMAPI.Toolkit.CoreInterfaces\SoGMAPI.Toolkit.CoreInterfaces.csproj", "{7A84B34E-4AF8-4891-8384-07FD36BC34B2}"
EndProject
Project("{D954291E-2A0B-460D-934E-DC6B0785DB48}") = "SoGMAPI.Internal", "SoGMAPI.Internal\SoGMAPI.Internal.shproj", "{85208F8D-6FD1-4531-BE05-7142490F59FE}"
EndProject
Project("{9A19103F-16F7-4668-BE54-9A1E7A4F7556}") = "SoGMAPI.Mods.ConsoleCommands", "SoGMAPI.Mods.ConsoleCommands\SoGMAPI.Mods.ConsoleCommands.csproj", "{E0A59CD3-2E14-4D4C-AF4B-424B00DA79F7}"
EndProject
Project("{9A19103F-16F7-4668-BE54-9A1E7A4F7556}") = "SoGMAPI.Mods.SaveBackup", "SoGMAPI.Mods.SaveBackup\SoGMAPI.Mods.SaveBackup.csproj", "{1A0A85E1-AC70-41FF-843D-622AB98274A6}"
EndProject
Project("{9A19103F-16F7-4668-BE54-9A1E7A4F7556}") = "SoGMAPI.Installer", "SoGMAPI.Installer\SoGMAPI.Installer.csproj", "{0707BB7E-F0EE-4B97-8058-027A085FE61A}"
EndProject
Global
	GlobalSection(SharedMSBuildProjectFiles) = preSolution
		SoGMAPI.Internal\SoGMAPI.Internal.projitems*{0707bb7e-f0ee-4b97-8058-027a085fe61a}*SharedItemsImports = 5
		SoGMAPI.Internal\SoGMAPI.Internal.projitems*{1a0a85e1-ac70-41ff-843d-622ab98274a6}*SharedItemsImports = 5
		SoGMAPI.Internal\SoGMAPI.Internal.projitems*{5200cac6-a4c0-4742-9c61-403ed83df98e}*SharedItemsImports = 5
		SoGMAPI.Internal\SoGMAPI.Internal.projitems*{85208f8d-6fd1-4531-be05-7142490f59fe}*SharedItemsImports = 13
		SoGMAPI.Internal\SoGMAPI.Internal.projitems*{e0a59cd3-2e14-4d4c-af4b-424b00da79f7}*SharedItemsImports = 5
	EndGlobalSection
	GlobalSection(SolutionConfigurationPlatforms) = preSolution
		Debug|Any CPU = Debug|Any CPU
		Debug|x64 = Debug|x64
		Debug|x86 = Debug|x86
		Release|Any CPU = Release|Any CPU
		Release|x64 = Release|x64
		Release|x86 = Release|x86
	EndGlobalSection
	GlobalSection(ProjectConfigurationPlatforms) = postSolution
		{5200CAC6-A4C0-4742-9C61-403ED83DF98E}.Debug|Any CPU.ActiveCfg = Debug|Any CPU
		{5200CAC6-A4C0-4742-9C61-403ED83DF98E}.Debug|Any CPU.Build.0 = Debug|Any CPU
		{5200CAC6-A4C0-4742-9C61-403ED83DF98E}.Debug|x64.ActiveCfg = Debug|Any CPU
		{5200CAC6-A4C0-4742-9C61-403ED83DF98E}.Debug|x64.Build.0 = Debug|Any CPU
		{5200CAC6-A4C0-4742-9C61-403ED83DF98E}.Debug|x86.ActiveCfg = Debug|x86
		{5200CAC6-A4C0-4742-9C61-403ED83DF98E}.Debug|x86.Build.0 = Debug|x86
		{5200CAC6-A4C0-4742-9C61-403ED83DF98E}.Release|Any CPU.ActiveCfg = Release|Any CPU
		{5200CAC6-A4C0-4742-9C61-403ED83DF98E}.Release|Any CPU.Build.0 = Release|Any CPU
		{5200CAC6-A4C0-4742-9C61-403ED83DF98E}.Release|x64.ActiveCfg = Release|Any CPU
		{5200CAC6-A4C0-4742-9C61-403ED83DF98E}.Release|x64.Build.0 = Release|Any CPU
		{5200CAC6-A4C0-4742-9C61-403ED83DF98E}.Release|x86.ActiveCfg = Release|Any CPU
		{5200CAC6-A4C0-4742-9C61-403ED83DF98E}.Release|x86.Build.0 = Release|Any CPU
		{001D8293-002F-47E3-A4C5-1C80AD5CDD05}.Debug|Any CPU.ActiveCfg = Debug|Any CPU
		{001D8293-002F-47E3-A4C5-1C80AD5CDD05}.Debug|Any CPU.Build.0 = Debug|Any CPU
		{001D8293-002F-47E3-A4C5-1C80AD5CDD05}.Debug|x64.ActiveCfg = Debug|Any CPU
		{001D8293-002F-47E3-A4C5-1C80AD5CDD05}.Debug|x64.Build.0 = Debug|Any CPU
		{001D8293-002F-47E3-A4C5-1C80AD5CDD05}.Debug|x86.ActiveCfg = Debug|Any CPU
		{001D8293-002F-47E3-A4C5-1C80AD5CDD05}.Debug|x86.Build.0 = Debug|Any CPU
		{001D8293-002F-47E3-A4C5-1C80AD5CDD05}.Release|Any CPU.ActiveCfg = Release|Any CPU
		{001D8293-002F-47E3-A4C5-1C80AD5CDD05}.Release|Any CPU.Build.0 = Release|Any CPU
		{001D8293-002F-47E3-A4C5-1C80AD5CDD05}.Release|x64.ActiveCfg = Release|Any CPU
		{001D8293-002F-47E3-A4C5-1C80AD5CDD05}.Release|x64.Build.0 = Release|Any CPU
		{001D8293-002F-47E3-A4C5-1C80AD5CDD05}.Release|x86.ActiveCfg = Release|Any CPU
		{001D8293-002F-47E3-A4C5-1C80AD5CDD05}.Release|x86.Build.0 = Release|Any CPU
		{7A84B34E-4AF8-4891-8384-07FD36BC34B2}.Debug|Any CPU.ActiveCfg = Debug|Any CPU
		{7A84B34E-4AF8-4891-8384-07FD36BC34B2}.Debug|Any CPU.Build.0 = Debug|Any CPU
		{7A84B34E-4AF8-4891-8384-07FD36BC34B2}.Debug|x64.ActiveCfg = Debug|Any CPU
		{7A84B34E-4AF8-4891-8384-07FD36BC34B2}.Debug|x64.Build.0 = Debug|Any CPU
		{7A84B34E-4AF8-4891-8384-07FD36BC34B2}.Debug|x86.ActiveCfg = Debug|Any CPU
		{7A84B34E-4AF8-4891-8384-07FD36BC34B2}.Debug|x86.Build.0 = Debug|Any CPU
		{7A84B34E-4AF8-4891-8384-07FD36BC34B2}.Release|Any CPU.ActiveCfg = Release|Any CPU
		{7A84B34E-4AF8-4891-8384-07FD36BC34B2}.Release|Any CPU.Build.0 = Release|Any CPU
		{7A84B34E-4AF8-4891-8384-07FD36BC34B2}.Release|x64.ActiveCfg = Release|Any CPU
		{7A84B34E-4AF8-4891-8384-07FD36BC34B2}.Release|x64.Build.0 = Release|Any CPU
		{7A84B34E-4AF8-4891-8384-07FD36BC34B2}.Release|x86.ActiveCfg = Release|Any CPU
		{7A84B34E-4AF8-4891-8384-07FD36BC34B2}.Release|x86.Build.0 = Release|Any CPU
		{E0A59CD3-2E14-4D4C-AF4B-424B00DA79F7}.Debug|Any CPU.ActiveCfg = Debug|Any CPU
		{E0A59CD3-2E14-4D4C-AF4B-424B00DA79F7}.Debug|Any CPU.Build.0 = Debug|Any CPU
		{E0A59CD3-2E14-4D4C-AF4B-424B00DA79F7}.Debug|x64.ActiveCfg = Debug|Any CPU
		{E0A59CD3-2E14-4D4C-AF4B-424B00DA79F7}.Debug|x64.Build.0 = Debug|Any CPU
		{E0A59CD3-2E14-4D4C-AF4B-424B00DA79F7}.Debug|x86.ActiveCfg = Debug|Any CPU
		{E0A59CD3-2E14-4D4C-AF4B-424B00DA79F7}.Debug|x86.Build.0 = Debug|Any CPU
		{E0A59CD3-2E14-4D4C-AF4B-424B00DA79F7}.Release|Any CPU.ActiveCfg = Release|Any CPU
		{E0A59CD3-2E14-4D4C-AF4B-424B00DA79F7}.Release|Any CPU.Build.0 = Release|Any CPU
		{E0A59CD3-2E14-4D4C-AF4B-424B00DA79F7}.Release|x64.ActiveCfg = Release|Any CPU
		{E0A59CD3-2E14-4D4C-AF4B-424B00DA79F7}.Release|x64.Build.0 = Release|Any CPU
		{E0A59CD3-2E14-4D4C-AF4B-424B00DA79F7}.Release|x86.ActiveCfg = Release|Any CPU
		{E0A59CD3-2E14-4D4C-AF4B-424B00DA79F7}.Release|x86.Build.0 = Release|Any CPU
		{1A0A85E1-AC70-41FF-843D-622AB98274A6}.Debug|Any CPU.ActiveCfg = Debug|Any CPU
		{1A0A85E1-AC70-41FF-843D-622AB98274A6}.Debug|Any CPU.Build.0 = Debug|Any CPU
		{1A0A85E1-AC70-41FF-843D-622AB98274A6}.Debug|x64.ActiveCfg = Debug|Any CPU
		{1A0A85E1-AC70-41FF-843D-622AB98274A6}.Debug|x64.Build.0 = Debug|Any CPU
		{1A0A85E1-AC70-41FF-843D-622AB98274A6}.Debug|x86.ActiveCfg = Debug|Any CPU
		{1A0A85E1-AC70-41FF-843D-622AB98274A6}.Debug|x86.Build.0 = Debug|Any CPU
		{1A0A85E1-AC70-41FF-843D-622AB98274A6}.Release|Any CPU.ActiveCfg = Release|Any CPU
		{1A0A85E1-AC70-41FF-843D-622AB98274A6}.Release|Any CPU.Build.0 = Release|Any CPU
		{1A0A85E1-AC70-41FF-843D-622AB98274A6}.Release|x64.ActiveCfg = Release|Any CPU
		{1A0A85E1-AC70-41FF-843D-622AB98274A6}.Release|x64.Build.0 = Release|Any CPU
		{1A0A85E1-AC70-41FF-843D-622AB98274A6}.Release|x86.ActiveCfg = Release|Any CPU
		{1A0A85E1-AC70-41FF-843D-622AB98274A6}.Release|x86.Build.0 = Release|Any CPU
		{0707BB7E-F0EE-4B97-8058-027A085FE61A}.Debug|Any CPU.ActiveCfg = Debug|Any CPU
		{0707BB7E-F0EE-4B97-8058-027A085FE61A}.Debug|Any CPU.Build.0 = Debug|Any CPU
		{0707BB7E-F0EE-4B97-8058-027A085FE61A}.Debug|x64.ActiveCfg = Debug|Any CPU
		{0707BB7E-F0EE-4B97-8058-027A085FE61A}.Debug|x64.Build.0 = Debug|Any CPU
		{0707BB7E-F0EE-4B97-8058-027A085FE61A}.Debug|x86.ActiveCfg = Debug|Any CPU
		{0707BB7E-F0EE-4B97-8058-027A085FE61A}.Debug|x86.Build.0 = Debug|Any CPU
		{0707BB7E-F0EE-4B97-8058-027A085FE61A}.Release|Any CPU.ActiveCfg = Release|Any CPU
		{0707BB7E-F0EE-4B97-8058-027A085FE61A}.Release|Any CPU.Build.0 = Release|Any CPU
		{0707BB7E-F0EE-4B97-8058-027A085FE61A}.Release|x64.ActiveCfg = Release|Any CPU
		{0707BB7E-F0EE-4B97-8058-027A085FE61A}.Release|x64.Build.0 = Release|Any CPU
		{0707BB7E-F0EE-4B97-8058-027A085FE61A}.Release|x86.ActiveCfg = Release|Any CPU
		{0707BB7E-F0EE-4B97-8058-027A085FE61A}.Release|x86.Build.0 = Release|Any CPU
	EndGlobalSection
	GlobalSection(SolutionProperties) = preSolution
		HideSolutionNode = FALSE
	EndGlobalSection
	GlobalSection(ExtensibilityGlobals) = postSolution
		SolutionGuid = {D63792EF-4811-4889-9E8B-B05F7C638973}
	EndGlobalSection
EndGlobal
