
Microsoft Visual Studio Solution File, Format Version 12.00
# Visual Studio Version 17
VisualStudioVersion = 17.0.31912.275
MinimumVisualStudioVersion = 10.0.40219.1
Project("{2150E333-8FDC-42A3-9474-1A3956D46DE8}") = ".root", ".root", "{86C452BE-D2D8-45B4-B63F-E329EB06CEDA}"
	ProjectSection(SolutionItems) = preProject
		..\.editorconfig = ..\.editorconfig
		..\.gitattributes = ..\.gitattributes
		..\.gitignore = ..\.gitignore
		..\LICENSE.txt = ..\LICENSE.txt
	EndProjectSection
EndProject
Project("{2150E333-8FDC-42A3-9474-1A3956D46DE8}") = ".github", ".github", "{4B1CEB70-F756-4A57-AAE8-8CD78C475F25}"
	ProjectSection(SolutionItems) = preProject
		..\.github\CONTRIBUTING.md = ..\.github\CONTRIBUTING.md
		..\.github\SUPPORT.md = ..\.github\SUPPORT.md
	EndProjectSection
EndProject
Project("{2150E333-8FDC-42A3-9474-1A3956D46DE8}") = "ISSUE_TEMPLATE", "ISSUE_TEMPLATE", "{F4453AB6-D7D6-447F-A973-956CC777968F}"
	ProjectSection(SolutionItems) = preProject
		..\.github\ISSUE_TEMPLATE\bug_report.md = ..\.github\ISSUE_TEMPLATE\bug_report.md
		..\.github\ISSUE_TEMPLATE\feature_request.md = ..\.github\ISSUE_TEMPLATE\feature_request.md
		..\.github\ISSUE_TEMPLATE\general.md = ..\.github\ISSUE_TEMPLATE\general.md
	EndProjectSection
EndProject
Project("{2150E333-8FDC-42A3-9474-1A3956D46DE8}") = "build", "build", "{09CF91E5-5BAB-4650-A200-E5EA9A633046}"
	ProjectSection(SolutionItems) = preProject
		..\build\common.targets = ..\build\common.targets
		..\build\deploy-local-sogmapi.targets = ..\build\deploy-local-sogmapi.targets
		..\build\find-game-folder.targets = ..\build\find-game-folder.targets
	EndProjectSection
EndProject
Project("{2150E333-8FDC-42A3-9474-1A3956D46DE8}") = "docs", "docs", "{EB35A917-67B9-4EFA-8DFC-4FB49B3949BB}"
	ProjectSection(SolutionItems) = preProject
		..\docs\mod-build-config.md = ..\docs\mod-build-config.md
		..\docs\README.md = ..\docs\README.md
		..\docs\release-notes-archived.md = ..\docs\release-notes-archived.md
		..\docs\release-notes.md = ..\docs\release-notes.md
	EndProjectSection
EndProject
Project("{2150E333-8FDC-42A3-9474-1A3956D46DE8}") = "technical", "technical", "{5947303D-3512-413A-9009-7AC43F5D3513}"
	ProjectSection(SolutionItems) = preProject
		..\docs\technical\mod-package.md = ..\docs\technical\mod-package.md
		..\docs\technical\smapi.md = ..\docs\technical\smapi.md
		..\docs\technical\web.md = ..\docs\technical\web.md
	EndProjectSection
EndProject
Project("{2150E333-8FDC-42A3-9474-1A3956D46DE8}") = "Internal", "Internal", "{82D22ED7-A0A7-4D64-8E92-4B6A5E74ED11}"
EndProject
Project("{2150E333-8FDC-42A3-9474-1A3956D46DE8}") = "Mods", "Mods", "{AE9A4D46-E910-4293-8BC4-673F85FFF6A5}"
EndProject
Project("{D954291E-2A0B-460D-934E-DC6B0785DB48}") = "SoGMAPI.Internal", "SoGMAPI.Internal\SoGMAPI.Internal.shproj", "{85208F8D-6FD1-4531-BE05-7142490F59FE}"
EndProject
Project("{D954291E-2A0B-460D-934E-DC6B0785DB48}") = "SoGMAPI.Internal.Patching", "SoGMAPI.Internal.Patching\SoGMAPI.Internal.Patching.shproj", "{6C16E948-3E5C-47A7-BF4B-07A7469A87A5}"
EndProject


Project("{9A19103F-16F7-4668-BE54-9A1E7A4F7556}") = "SoGMAPI", "SoGMAPI\SoGMAPI.csproj", "{E6DA2198-7686-4F1D-B312-4A4DC70884C0}"
EndProject
Project("{9A19103F-16F7-4668-BE54-9A1E7A4F7556}") = "SoGMAPI.Installer", "SoGMAPI.Installer\SoGMAPI.Installer.csproj", "{0A9BB24F-15FF-4C26-B1A2-81F7AE316518}"
	ProjectSection(ProjectDependencies) = postProject
		{0634EA4C-3B8F-42DB-AEA6-CA9E4EF6E92F} = {0634EA4C-3B8F-42DB-AEA6-CA9E4EF6E92F}
		{491E775B-EAD0-44D4-B6CA-F1FC3E316D33} = {491E775B-EAD0-44D4-B6CA-F1FC3E316D33}
		{CD53AD6F-97F4-4872-A212-50C2A0FD3601} = {CD53AD6F-97F4-4872-A212-50C2A0FD3601}
		{E6DA2198-7686-4F1D-B312-4A4DC70884C0} = {E6DA2198-7686-4F1D-B312-4A4DC70884C0}
	EndProjectSection
EndProject

Project("{9A19103F-16F7-4668-BE54-9A1E7A4F7556}") = "SoGMAPI.Mods.ConsoleCommands", "SoGMAPI.Mods.ConsoleCommands\SoGMAPI.Mods.ConsoleCommands.csproj", "{0634EA4C-3B8F-42DB-AEA6-CA9E4EF6E92F}"
EndProject
Project("{9A19103F-16F7-4668-BE54-9A1E7A4F7556}") = "SoGMAPI.Mods.ErrorHandler", "SoGMAPI.Mods.ErrorHandler\SoGMAPI.Mods.ErrorHandler.csproj", "{491E775B-EAD0-44D4-B6CA-F1FC3E316D33}"
EndProject
Project("{9A19103F-16F7-4668-BE54-9A1E7A4F7556}") = "SoGMAPI.Mods.SaveBackup", "SoGMAPI.Mods.SaveBackup\SoGMAPI.Mods.SaveBackup.csproj", "{CD53AD6F-97F4-4872-A212-50C2A0FD3601}"
EndProject
Project("{9A19103F-16F7-4668-BE54-9A1E7A4F7556}") = "SoGMAPI.Toolkit", "SoGMAPI.Toolkit\SoGMAPI.Toolkit.csproj", "{08184F74-60AD-4EEE-A78C-F4A35ADE6246}"
EndProject
Project("{9A19103F-16F7-4668-BE54-9A1E7A4F7556}") = "SoGMAPI.Toolkit.CoreInterfaces", "SoGMAPI.Toolkit.CoreInterfaces\SoGMAPI.Toolkit.CoreInterfaces.csproj", "{ED8E41FA-DDFA-4A77-932E-9853D279A129}"
EndProject

Project("{2150E333-8FDC-42A3-9474-1A3956D46DE8}") = "windows", "windows", "{4D661178-38FB-43E4-AA5F-9B0406919344}"
	ProjectSection(SolutionItems) = preProject
		..\build\windows\finalize-install-package.sh = ..\build\windows\finalize-install-package.sh
		..\build\windows\prepare-install-package.ps1 = ..\build\windows\prepare-install-package.ps1
		..\build\windows\set-sogmapi-version.ps1 = ..\build\windows\set-sogmapi-version.ps1
	EndProjectSection
EndProject
Project("{2150E333-8FDC-42A3-9474-1A3956D46DE8}") = "unix", "unix", "{CAA1488E-842B-433D-994D-1D3D0B5DD125}"
	ProjectSection(SolutionItems) = preProject
		..\build\unix\prepare-install-package.sh = ..\build\unix\prepare-install-package.sh
		..\build\unix\set-sogmapi-version.sh = ..\build\unix\set-sogmapi-version.sh
	EndProjectSection
EndProject
Project("{2150E333-8FDC-42A3-9474-1A3956D46DE8}") = "lib", "lib", "{3B5BF14D-F612-4C83-9EF6-E3EBFCD08766}"
	ProjectSection(SolutionItems) = preProject
		..\build\windows\lib\in-place-regex.ps1 = ..\build\windows\lib\in-place-regex.ps1
	EndProjectSection
EndProject

Global
	GlobalSection(SharedMSBuildProjectFiles) = preSolution
		SoGMAPI.Internal\SoGMAPI.Internal.projitems*{0634ea4c-3b8f-42db-aea6-ca9e4ef6e92f}*SharedItemsImports = 5
		SoGMAPI.Internal\SoGMAPI.Internal.projitems*{0a9bb24f-15ff-4c26-b1a2-81f7ae316518}*SharedItemsImports = 5
		SoGMAPI.Internal.Patching\SoGMAPI.Internal.Patching.projitems*{6c16e948-3e5c-47a7-bf4b-07a7469a87a5}*SharedItemsImports = 13

		SoGMAPI.Internal\SoGMAPI.Internal.projitems*{85208f8d-6fd1-4531-be05-7142490f59fe}*SharedItemsImports = 13
		SoGMAPI.Internal\SoGMAPI.Internal.projitems*{cd53ad6f-97f4-4872-a212-50c2a0fd3601}*SharedItemsImports = 5
		SoGMAPI.Internal.Patching\SoGMAPI.Internal.Patching.projitems*{e6da2198-7686-4f1d-b312-4a4dc70884c0}*SharedItemsImports = 5
		SoGMAPI.Internal\SoGMAPI.Internal.projitems*{e6da2198-7686-4f1d-b312-4a4dc70884c0}*SharedItemsImports = 5
	EndGlobalSection
	GlobalSection(SolutionConfigurationPlatforms) = preSolution
		Debug|Any CPU = Debug|Any CPU
		Release|Any CPU = Release|Any CPU
	EndGlobalSection
	GlobalSection(ProjectConfigurationPlatforms) = postSolution


		{E6DA2198-7686-4F1D-B312-4A4DC70884C0}.Debug|Any CPU.ActiveCfg = Debug|Any CPU
		{E6DA2198-7686-4F1D-B312-4A4DC70884C0}.Debug|Any CPU.Build.0 = Debug|Any CPU
		{E6DA2198-7686-4F1D-B312-4A4DC70884C0}.Release|Any CPU.ActiveCfg = Release|Any CPU
		{E6DA2198-7686-4F1D-B312-4A4DC70884C0}.Release|Any CPU.Build.0 = Release|Any CPU
		{0A9BB24F-15FF-4C26-B1A2-81F7AE316518}.Debug|Any CPU.ActiveCfg = Debug|Any CPU
		{0A9BB24F-15FF-4C26-B1A2-81F7AE316518}.Debug|Any CPU.Build.0 = Debug|Any CPU
		{0A9BB24F-15FF-4C26-B1A2-81F7AE316518}.Release|Any CPU.ActiveCfg = Release|Any CPU
		{0A9BB24F-15FF-4C26-B1A2-81F7AE316518}.Release|Any CPU.Build.0 = Release|Any CPU

		{0634EA4C-3B8F-42DB-AEA6-CA9E4EF6E92F}.Debug|Any CPU.ActiveCfg = Debug|Any CPU
		{0634EA4C-3B8F-42DB-AEA6-CA9E4EF6E92F}.Debug|Any CPU.Build.0 = Debug|Any CPU
		{0634EA4C-3B8F-42DB-AEA6-CA9E4EF6E92F}.Release|Any CPU.ActiveCfg = Release|Any CPU
		{0634EA4C-3B8F-42DB-AEA6-CA9E4EF6E92F}.Release|Any CPU.Build.0 = Release|Any CPU
		{491E775B-EAD0-44D4-B6CA-F1FC3E316D33}.Debug|Any CPU.ActiveCfg = Debug|Any CPU
		{491E775B-EAD0-44D4-B6CA-F1FC3E316D33}.Debug|Any CPU.Build.0 = Debug|Any CPU
		{491E775B-EAD0-44D4-B6CA-F1FC3E316D33}.Release|Any CPU.ActiveCfg = Release|Any CPU
		{491E775B-EAD0-44D4-B6CA-F1FC3E316D33}.Release|Any CPU.Build.0 = Release|Any CPU
		{CD53AD6F-97F4-4872-A212-50C2A0FD3601}.Debug|Any CPU.ActiveCfg = Debug|Any CPU
		{CD53AD6F-97F4-4872-A212-50C2A0FD3601}.Debug|Any CPU.Build.0 = Debug|Any CPU
		{CD53AD6F-97F4-4872-A212-50C2A0FD3601}.Release|Any CPU.ActiveCfg = Release|Any CPU
		{CD53AD6F-97F4-4872-A212-50C2A0FD3601}.Release|Any CPU.Build.0 = Release|Any CPU
		{08184F74-60AD-4EEE-A78C-F4A35ADE6246}.Debug|Any CPU.ActiveCfg = Debug|Any CPU
		{08184F74-60AD-4EEE-A78C-F4A35ADE6246}.Debug|Any CPU.Build.0 = Debug|Any CPU
		{08184F74-60AD-4EEE-A78C-F4A35ADE6246}.Release|Any CPU.ActiveCfg = Release|Any CPU
		{08184F74-60AD-4EEE-A78C-F4A35ADE6246}.Release|Any CPU.Build.0 = Release|Any CPU
		{ED8E41FA-DDFA-4A77-932E-9853D279A129}.Debug|Any CPU.ActiveCfg = Debug|Any CPU
		{ED8E41FA-DDFA-4A77-932E-9853D279A129}.Debug|Any CPU.Build.0 = Debug|Any CPU
		{ED8E41FA-DDFA-4A77-932E-9853D279A129}.Release|Any CPU.ActiveCfg = Release|Any CPU
		{ED8E41FA-DDFA-4A77-932E-9853D279A129}.Release|Any CPU.Build.0 = Release|Any CPU

	EndGlobalSection
	GlobalSection(SolutionProperties) = preSolution
		HideSolutionNode = FALSE
	EndGlobalSection
	GlobalSection(NestedProjects) = preSolution
		{4B1CEB70-F756-4A57-AAE8-8CD78C475F25} = {86C452BE-D2D8-45B4-B63F-E329EB06CEDA}
		{F4453AB6-D7D6-447F-A973-956CC777968F} = {4B1CEB70-F756-4A57-AAE8-8CD78C475F25}
		{09CF91E5-5BAB-4650-A200-E5EA9A633046} = {86C452BE-D2D8-45B4-B63F-E329EB06CEDA}
		{EB35A917-67B9-4EFA-8DFC-4FB49B3949BB} = {86C452BE-D2D8-45B4-B63F-E329EB06CEDA}
		{5947303D-3512-413A-9009-7AC43F5D3513} = {EB35A917-67B9-4EFA-8DFC-4FB49B3949BB}
		{85208F8D-6FD1-4531-BE05-7142490F59FE} = {82D22ED7-A0A7-4D64-8E92-4B6A5E74ED11}
		{6C16E948-3E5C-47A7-BF4B-07A7469A87A5} = {82D22ED7-A0A7-4D64-8E92-4B6A5E74ED11}


		{0634EA4C-3B8F-42DB-AEA6-CA9E4EF6E92F} = {AE9A4D46-E910-4293-8BC4-673F85FFF6A5}
		{491E775B-EAD0-44D4-B6CA-F1FC3E316D33} = {AE9A4D46-E910-4293-8BC4-673F85FFF6A5}
		{CD53AD6F-97F4-4872-A212-50C2A0FD3601} = {AE9A4D46-E910-4293-8BC4-673F85FFF6A5}
		{4D661178-38FB-43E4-AA5F-9B0406919344} = {09CF91E5-5BAB-4650-A200-E5EA9A633046}
		{CAA1488E-842B-433D-994D-1D3D0B5DD125} = {09CF91E5-5BAB-4650-A200-E5EA9A633046}
		{3B5BF14D-F612-4C83-9EF6-E3EBFCD08766} = {4D661178-38FB-43E4-AA5F-9B0406919344}

	EndGlobalSection
	GlobalSection(ExtensibilityGlobals) = postSolution
		SolutionGuid = {70143042-A862-47A8-A677-7C819DDC90DC}
	EndGlobalSection
EndGlobal
